
Microsoft Visual Studio Solution File, Format Version 12.00
# Visual Studio Version 17
VisualStudioVersion = 17.8.34408.163
MinimumVisualStudioVersion = 10.0.40219.1
Project("{8BC9CEB8-8B4A-11D0-8D11-00A0C91BC942}") = "GitHub Hello World", "GitHub Hello World\GitHub Hello World.vcxproj", "{7C93A629-9160-42A8-96A3-972B0E740375}"
EndProject
Global
	GlobalSection(SolutionConfigurationPlatforms) = preSolution
		Debug|x64 = Debug|x64
		Debug|x86 = Debug|x86
		Release|x64 = Release|x64
		Release|x86 = Release|x86
	EndGlobalSection
	GlobalSection(ProjectConfigurationPlatforms) = postSolution
		{7C93A629-9160-42A8-96A3-972B0E740375}.Debug|x64.ActiveCfg = Debug|x64
		{7C93A629-9160-42A8-96A3-972B0E740375}.Debug|x64.Build.0 = Debug|x64
		{7C93A629-9160-42A8-96A3-972B0E740375}.Debug|x86.ActiveCfg = Debug|Win32
		{7C93A629-9160-42A8-96A3-972B0E740375}.Debug|x86.Build.0 = Debug|Win32
		{7C93A629-9160-42A8-96A3-972B0E740375}.Release|x64.ActiveCfg = Release|x64
		{7C93A629-9160-42A8-96A3-972B0E740375}.Release|x64.Build.0 = Release|x64
		{7C93A629-9160-42A8-96A3-972B0E740375}.Release|x86.ActiveCfg = Release|Win32
		{7C93A629-9160-42A8-96A3-972B0E740375}.Release|x86.Build.0 = Release|Win32
	EndGlobalSection
	GlobalSection(SolutionProperties) = preSolution
		HideSolutionNode = FALSE
	EndGlobalSection
	GlobalSection(ExtensibilityGlobals) = postSolution
		SolutionGuid = {D5979E46-9AD6-4B9E-8681-B161F9CDCBBD}
	EndGlobalSection
EndGlobal
